
Microsoft Visual Studio Solution File, Format Version 12.00
# Visual Studio Version 17
VisualStudioVersion = 17.12.35506.116
MinimumVisualStudioVersion = 10.0.40219.1
Project("{8BC9CEB8-8B4A-11D0-8D11-00A0C91BC942}") = "DynamicArray_GoogleTest", "DynamicArray_GoogleTest\DynamicArray_GoogleTest.vcxproj", "{78BFD937-5892-49E5-B12A-4CE33B70F9AB}"
EndProject
Project("{8BC9CEB8-8B4A-11D0-8D11-00A0C91BC942}") = "DynamicArray", "DynamicArray\DynamicArray.vcxproj", "{96F9E432-9276-40F8-94B6-36C32BE0C289}"
EndProject
Global
	GlobalSection(SolutionConfigurationPlatforms) = preSolution
		Debug|Win32 = Debug|Win32
		Debug|x64 = Debug|x64
		Release|Win32 = Release|Win32
		Release|x64 = Release|x64
	EndGlobalSection
	GlobalSection(ProjectConfigurationPlatforms) = postSolution
		{78BFD937-5892-49E5-B12A-4CE33B70F9AB}.Debug|Win32.ActiveCfg = Debug|Win32
		{78BFD937-5892-49E5-B12A-4CE33B70F9AB}.Debug|Win32.Build.0 = Debug|Win32
		{78BFD937-5892-49E5-B12A-4CE33B70F9AB}.Debug|x64.ActiveCfg = Debug|x64
		{78BFD937-5892-49E5-B12A-4CE33B70F9AB}.Debug|x64.Build.0 = Debug|x64
		{78BFD937-5892-49E5-B12A-4CE33B70F9AB}.Release|Win32.ActiveCfg = Release|Win32
		{78BFD937-5892-49E5-B12A-4CE33B70F9AB}.Release|Win32.Build.0 = Release|Win32
		{78BFD937-5892-49E5-B12A-4CE33B70F9AB}.Release|x64.ActiveCfg = Release|x64
		{78BFD937-5892-49E5-B12A-4CE33B70F9AB}.Release|x64.Build.0 = Release|x64
		{96F9E432-9276-40F8-94B6-36C32BE0C289}.Debug|Win32.ActiveCfg = Debug|Win32
		{96F9E432-9276-40F8-94B6-36C32BE0C289}.Debug|Win32.Build.0 = Debug|Win32
		{96F9E432-9276-40F8-94B6-36C32BE0C289}.Debug|x64.ActiveCfg = Debug|x64
		{96F9E432-9276-40F8-94B6-36C32BE0C289}.Debug|x64.Build.0 = Debug|x64
		{96F9E432-9276-40F8-94B6-36C32BE0C289}.Release|Win32.ActiveCfg = Release|Win32
		{96F9E432-9276-40F8-94B6-36C32BE0C289}.Release|Win32.Build.0 = Release|Win32
		{96F9E432-9276-40F8-94B6-36C32BE0C289}.Release|x64.ActiveCfg = Release|x64
		{96F9E432-9276-40F8-94B6-36C32BE0C289}.Release|x64.Build.0 = Release|x64
	EndGlobalSection
	GlobalSection(SolutionProperties) = preSolution
		HideSolutionNode = FALSE
	EndGlobalSection
EndGlobal
